
Microsoft Visual Studio Solution File, Format Version 12.00
# Visual Studio Version 17
VisualStudioVersion = 17.0.32014.148
MinimumVisualStudioVersion = 10.0.40219.1
Project("{FAE04EC0-301F-11D3-BF4B-00C04F79EFBC}") = "My Timer", "My Timer\My Timer.csproj", "{D153FDB6-A6E0-41FA-AE93-FC156A17D820}"
EndProject
Global
	GlobalSection(SolutionConfigurationPlatforms) = preSolution
		Debug|Any CPU = Debug|Any CPU
		Release|Any CPU = Release|Any CPU
	EndGlobalSection
	GlobalSection(ProjectConfigurationPlatforms) = postSolution
		{D153FDB6-A6E0-41FA-AE93-FC156A17D820}.Debug|Any CPU.ActiveCfg = Debug|Any CPU
		{D153FDB6-A6E0-41FA-AE93-FC156A17D820}.Debug|Any CPU.Build.0 = Debug|Any CPU
		{D153FDB6-A6E0-41FA-AE93-FC156A17D820}.Release|Any CPU.ActiveCfg = Release|Any CPU
		{D153FDB6-A6E0-41FA-AE93-FC156A17D820}.Release|Any CPU.Build.0 = Release|Any CPU
	EndGlobalSection
	GlobalSection(SolutionProperties) = preSolution
		HideSolutionNode = FALSE
	EndGlobalSection
	GlobalSection(ExtensibilityGlobals) = postSolution
		SolutionGuid = {9EDD571E-6A20-4E92-8007-53ABAFADAFE3}
	EndGlobalSection
EndGlobal
